
Microsoft Visual Studio Solution File, Format Version 12.00
# Visual Studio Version 16
VisualStudioVersion = 16.0.29509.3
MinimumVisualStudioVersion = 10.0.40219.1
Project("{FAE04EC0-301F-11D3-BF4B-00C04F79EFBC}") = "3D Connexion Mouse", "3D Connexion Mouse.csproj", "{DE2CCDFA-A10C-44B5-8B95-030B9DB71639}"
EndProject
Global
	GlobalSection(SolutionConfigurationPlatforms) = preSolution
		Debug|Any CPU = Debug|Any CPU
		Release|Any CPU = Release|Any CPU
	EndGlobalSection
	GlobalSection(ProjectConfigurationPlatforms) = postSolution
		{DE2CCDFA-A10C-44B5-8B95-030B9DB71639}.Debug|Any CPU.ActiveCfg = Debug|Any CPU
		{DE2CCDFA-A10C-44B5-8B95-030B9DB71639}.Debug|Any CPU.Build.0 = Debug|Any CPU
		{DE2CCDFA-A10C-44B5-8B95-030B9DB71639}.Release|Any CPU.ActiveCfg = Release|Any CPU
		{DE2CCDFA-A10C-44B5-8B95-030B9DB71639}.Release|Any CPU.Build.0 = Release|Any CPU
	EndGlobalSection
	GlobalSection(SolutionProperties) = preSolution
		HideSolutionNode = FALSE
	EndGlobalSection
	GlobalSection(ExtensibilityGlobals) = postSolution
		SolutionGuid = {F86BD316-4367-493E-9F03-334969904495}
	EndGlobalSection
EndGlobal
